
Microsoft Visual Studio Solution File, Format Version 12.00
# Visual Studio Version 17
VisualStudioVersion = 17.5.33502.453
MinimumVisualStudioVersion = 10.0.40219.1
Project("{2150E333-8FDC-42A3-9474-1A3956D46DE8}") = "Solution Items", "Solution Items", "{DC7BF2DB-F03D-4A96-BB74-5C3B4E2FAD6A}"
	ProjectSection(SolutionItems) = preProject
		..\appveyor.yml = ..\appveyor.yml
		..\README.md = ..\README.md
	EndProjectSection
EndProject
Project("{FAE04EC0-301F-11D3-BF4B-00C04F79EFBC}") = "BMP2Tile", "bmp2tile\BMP2Tile.csproj", "{CF56D0AA-5A27-0183-BE71-DEDF8942395B}"
EndProject
Project("{FAE04EC0-301F-11D3-BF4B-00C04F79EFBC}") = "BMP2TileGUI", "GUI\BMP2TileGUI.csproj", "{8C055D0A-F006-9A38-F4C5-5BDE1A156825}"
EndProject
Global
	GlobalSection(SolutionConfigurationPlatforms) = preSolution
		Debug|Any CPU = Debug|Any CPU
		Release|Any CPU = Release|Any CPU
	EndGlobalSection
	GlobalSection(ProjectConfigurationPlatforms) = postSolution
		{CF56D0AA-5A27-0183-BE71-DEDF8942395B}.Debug|Any CPU.ActiveCfg = Debug|Any CPU
		{CF56D0AA-5A27-0183-BE71-DEDF8942395B}.Debug|Any CPU.Build.0 = Debug|Any CPU
		{CF56D0AA-5A27-0183-BE71-DEDF8942395B}.Release|Any CPU.ActiveCfg = Release|Any CPU
		{CF56D0AA-5A27-0183-BE71-DEDF8942395B}.Release|Any CPU.Build.0 = Release|Any CPU
		{8C055D0A-F006-9A38-F4C5-5BDE1A156825}.Debug|Any CPU.ActiveCfg = Debug|x86
		{8C055D0A-F006-9A38-F4C5-5BDE1A156825}.Debug|Any CPU.Build.0 = Debug|x86
		{8C055D0A-F006-9A38-F4C5-5BDE1A156825}.Release|Any CPU.ActiveCfg = Release|x86
		{8C055D0A-F006-9A38-F4C5-5BDE1A156825}.Release|Any CPU.Build.0 = Release|x86
	EndGlobalSection
	GlobalSection(SolutionProperties) = preSolution
		HideSolutionNode = FALSE
	EndGlobalSection
	GlobalSection(ExtensibilityGlobals) = postSolution
		SolutionGuid = {6A0E069C-16F2-4053-9003-2E447753B5D4}
	EndGlobalSection
EndGlobal
